
Microsoft Visual Studio Solution File, Format Version 12.00
# Visual Studio Version 17
VisualStudioVersion = 17.5.33414.496
MinimumVisualStudioVersion = 10.0.40219.1
Project("{8BC9CEB8-8B4A-11D0-8D11-00A0C91BC942}") = "test_03_16_23", "test_03_16_23.vcxproj", "{C53D9B94-C68E-4DEC-974C-454147ADA9D1}"
EndProject
Global
	GlobalSection(SolutionConfigurationPlatforms) = preSolution
		Debug|x64 = Debug|x64
		Debug|x86 = Debug|x86
		Release|x64 = Release|x64
		Release|x86 = Release|x86
	EndGlobalSection
	GlobalSection(ProjectConfigurationPlatforms) = postSolution
		{C53D9B94-C68E-4DEC-974C-454147ADA9D1}.Debug|x64.ActiveCfg = Debug|x64
		{C53D9B94-C68E-4DEC-974C-454147ADA9D1}.Debug|x64.Build.0 = Debug|x64
		{C53D9B94-C68E-4DEC-974C-454147ADA9D1}.Debug|x86.ActiveCfg = Debug|Win32
		{C53D9B94-C68E-4DEC-974C-454147ADA9D1}.Debug|x86.Build.0 = Debug|Win32
		{C53D9B94-C68E-4DEC-974C-454147ADA9D1}.Release|x64.ActiveCfg = Release|x64
		{C53D9B94-C68E-4DEC-974C-454147ADA9D1}.Release|x64.Build.0 = Release|x64
		{C53D9B94-C68E-4DEC-974C-454147ADA9D1}.Release|x86.ActiveCfg = Release|Win32
		{C53D9B94-C68E-4DEC-974C-454147ADA9D1}.Release|x86.Build.0 = Release|Win32
	EndGlobalSection
	GlobalSection(SolutionProperties) = preSolution
		HideSolutionNode = FALSE
	EndGlobalSection
	GlobalSection(ExtensibilityGlobals) = postSolution
		SolutionGuid = {0EE064AE-CE46-4F91-BC8C-C1C86679786B}
	EndGlobalSection
EndGlobal
